
Microsoft Visual Studio Solution File, Format Version 12.00
# Visual Studio Version 17
VisualStudioVersion = 17.4.33205.214
MinimumVisualStudioVersion = 10.0.40219.1
Project("{2150E333-8FDC-42A3-9474-1A3956D46DE8}") = "src", "src", "{382E6C39-5EF6-453D-88DC-9079E57A240E}"
EndProject
Project("{2150E333-8FDC-42A3-9474-1A3956D46DE8}") = "tests", "tests", "{4875335E-26C1-4D2A-80E9-4362C823DF3B}"
EndProject
Project("{9A19103F-16F7-4668-BE54-9A1E7A4F7556}") = "CommandQuery", "src\CommandQuery\CommandQuery.csproj", "{9631F3FE-6AF2-419B-B3F9-E1E6832BEF98}"
EndProject
Project("{9A19103F-16F7-4668-BE54-9A1E7A4F7556}") = "CommandQuery.AspNetCore", "src\CommandQuery.AspNetCore\CommandQuery.AspNetCore.csproj", "{39AAD843-BC36-4A8E-92A7-6648C3FA7108}"
EndProject
Project("{9A19103F-16F7-4668-BE54-9A1E7A4F7556}") = "CommandQuery.AzureFunctions", "src\CommandQuery.AzureFunctions\CommandQuery.AzureFunctions.csproj", "{230835A8-7181-4649-87BD-419492FED283}"
EndProject
Project("{9A19103F-16F7-4668-BE54-9A1E7A4F7556}") = "CommandQuery.AWSLambda", "src\CommandQuery.AWSLambda\CommandQuery.AWSLambda.csproj", "{541A2BF0-A66C-445C-9DBE-2B2FD2513F18}"
EndProject
Project("{9A19103F-16F7-4668-BE54-9A1E7A4F7556}") = "CommandQuery.Abstractions", "src\CommandQuery.Abstractions\CommandQuery.Abstractions.csproj", "{3AC1D062-7110-460F-AB04-AE77CD3087CC}"
EndProject
Project("{9A19103F-16F7-4668-BE54-9A1E7A4F7556}") = "CommandQuery.Client", "src\CommandQuery.Client\CommandQuery.Client.csproj", "{321B804D-FE8E-4900-8A8A-C5B9FF52E6A5}"
EndProject
Project("{9A19103F-16F7-4668-BE54-9A1E7A4F7556}") = "CommandQuery.Tests", "tests\CommandQuery.Tests\CommandQuery.Tests.csproj", "{B4491BED-B1E5-49CB-8138-763F549457D4}"
EndProject
Project("{9A19103F-16F7-4668-BE54-9A1E7A4F7556}") = "CommandQuery.AspNetCore.Tests", "tests\CommandQuery.AspNetCore.Tests\CommandQuery.AspNetCore.Tests.csproj", "{FB355BA1-6923-4894-9BA2-B471A23EC3F5}"
EndProject
Project("{9A19103F-16F7-4668-BE54-9A1E7A4F7556}") = "CommandQuery.AWSLambda.Tests", "tests\CommandQuery.AWSLambda.Tests\CommandQuery.AWSLambda.Tests.csproj", "{F81EEC3B-BB3D-456F-942B-6F610F977F53}"
EndProject
Project("{9A19103F-16F7-4668-BE54-9A1E7A4F7556}") = "CommandQuery.AzureFunctions.Tests", "tests\CommandQuery.AzureFunctions.Tests\CommandQuery.AzureFunctions.Tests.csproj", "{BE082150-6F58-41C6-96F1-00F4FD827F4A}"
EndProject
Project("{9A19103F-16F7-4668-BE54-9A1E7A4F7556}") = "CommandQuery.SystemTextJson", "src\CommandQuery.SystemTextJson\CommandQuery.SystemTextJson.csproj", "{A9946B7C-FB24-4873-9D56-549716BA51FE}"
EndProject
Project("{9A19103F-16F7-4668-BE54-9A1E7A4F7556}") = "CommandQuery.Benchmark", "tests\CommandQuery.Benchmark\CommandQuery.Benchmark.csproj", "{55DAA02E-406A-41CC-89D7-CC97D71AA9CC}"
EndProject
Project("{9A19103F-16F7-4668-BE54-9A1E7A4F7556}") = "CommandQuery.GoogleCloudFunctions", "src\CommandQuery.GoogleCloudFunctions\CommandQuery.GoogleCloudFunctions.csproj", "{361CA3A1-4E20-4C3F-AAE8-F059E533522E}"
EndProject
Project("{9A19103F-16F7-4668-BE54-9A1E7A4F7556}") = "CommandQuery.GoogleCloudFunctions.Tests", "tests\CommandQuery.GoogleCloudFunctions.Tests\CommandQuery.GoogleCloudFunctions.Tests.csproj", "{292B144F-B56D-4594-9F85-8D8A519E5FD0}"
EndProject
Project("{9A19103F-16F7-4668-BE54-9A1E7A4F7556}") = "CommandQuery.Fail", "tests\CommandQuery.Fail\CommandQuery.Fail.csproj", "{AF2041C4-9DB5-4C0E-82C6-BC526C20D8E5}"
EndProject
Global
	GlobalSection(SolutionConfigurationPlatforms) = preSolution
		Debug|Any CPU = Debug|Any CPU
		Release|Any CPU = Release|Any CPU
	EndGlobalSection
	GlobalSection(ProjectConfigurationPlatforms) = postSolution
		{9631F3FE-6AF2-419B-B3F9-E1E6832BEF98}.Debug|Any CPU.ActiveCfg = Debug|Any CPU
		{9631F3FE-6AF2-419B-B3F9-E1E6832BEF98}.Debug|Any CPU.Build.0 = Debug|Any CPU
		{9631F3FE-6AF2-419B-B3F9-E1E6832BEF98}.Release|Any CPU.ActiveCfg = Release|Any CPU
		{9631F3FE-6AF2-419B-B3F9-E1E6832BEF98}.Release|Any CPU.Build.0 = Release|Any CPU
		{39AAD843-BC36-4A8E-92A7-6648C3FA7108}.Debug|Any CPU.ActiveCfg = Debug|Any CPU
		{39AAD843-BC36-4A8E-92A7-6648C3FA7108}.Debug|Any CPU.Build.0 = Debug|Any CPU
		{39AAD843-BC36-4A8E-92A7-6648C3FA7108}.Release|Any CPU.ActiveCfg = Release|Any CPU
		{39AAD843-BC36-4A8E-92A7-6648C3FA7108}.Release|Any CPU.Build.0 = Release|Any CPU
		{230835A8-7181-4649-87BD-419492FED283}.Debug|Any CPU.ActiveCfg = Debug|Any CPU
		{230835A8-7181-4649-87BD-419492FED283}.Debug|Any CPU.Build.0 = Debug|Any CPU
		{230835A8-7181-4649-87BD-419492FED283}.Release|Any CPU.ActiveCfg = Release|Any CPU
		{230835A8-7181-4649-87BD-419492FED283}.Release|Any CPU.Build.0 = Release|Any CPU
		{541A2BF0-A66C-445C-9DBE-2B2FD2513F18}.Debug|Any CPU.ActiveCfg = Debug|Any CPU
		{541A2BF0-A66C-445C-9DBE-2B2FD2513F18}.Debug|Any CPU.Build.0 = Debug|Any CPU
		{541A2BF0-A66C-445C-9DBE-2B2FD2513F18}.Release|Any CPU.ActiveCfg = Release|Any CPU
		{541A2BF0-A66C-445C-9DBE-2B2FD2513F18}.Release|Any CPU.Build.0 = Release|Any CPU
		{3AC1D062-7110-460F-AB04-AE77CD3087CC}.Debug|Any CPU.ActiveCfg = Debug|Any CPU
		{3AC1D062-7110-460F-AB04-AE77CD3087CC}.Debug|Any CPU.Build.0 = Debug|Any CPU
		{3AC1D062-7110-460F-AB04-AE77CD3087CC}.Release|Any CPU.ActiveCfg = Release|Any CPU
		{3AC1D062-7110-460F-AB04-AE77CD3087CC}.Release|Any CPU.Build.0 = Release|Any CPU
		{321B804D-FE8E-4900-8A8A-C5B9FF52E6A5}.Debug|Any CPU.ActiveCfg = Debug|Any CPU
		{321B804D-FE8E-4900-8A8A-C5B9FF52E6A5}.Debug|Any CPU.Build.0 = Debug|Any CPU
		{321B804D-FE8E-4900-8A8A-C5B9FF52E6A5}.Release|Any CPU.ActiveCfg = Release|Any CPU
		{321B804D-FE8E-4900-8A8A-C5B9FF52E6A5}.Release|Any CPU.Build.0 = Release|Any CPU
		{B4491BED-B1E5-49CB-8138-763F549457D4}.Debug|Any CPU.ActiveCfg = Debug|Any CPU
		{B4491BED-B1E5-49CB-8138-763F549457D4}.Debug|Any CPU.Build.0 = Debug|Any CPU
		{B4491BED-B1E5-49CB-8138-763F549457D4}.Release|Any CPU.ActiveCfg = Release|Any CPU
		{B4491BED-B1E5-49CB-8138-763F549457D4}.Release|Any CPU.Build.0 = Release|Any CPU
		{FB355BA1-6923-4894-9BA2-B471A23EC3F5}.Debug|Any CPU.ActiveCfg = Debug|Any CPU
		{FB355BA1-6923-4894-9BA2-B471A23EC3F5}.Debug|Any CPU.Build.0 = Debug|Any CPU
		{FB355BA1-6923-4894-9BA2-B471A23EC3F5}.Release|Any CPU.ActiveCfg = Release|Any CPU
		{FB355BA1-6923-4894-9BA2-B471A23EC3F5}.Release|Any CPU.Build.0 = Release|Any CPU
		{F81EEC3B-BB3D-456F-942B-6F610F977F53}.Debug|Any CPU.ActiveCfg = Debug|Any CPU
		{F81EEC3B-BB3D-456F-942B-6F610F977F53}.Debug|Any CPU.Build.0 = Debug|Any CPU
		{F81EEC3B-BB3D-456F-942B-6F610F977F53}.Release|Any CPU.ActiveCfg = Release|Any CPU
		{F81EEC3B-BB3D-456F-942B-6F610F977F53}.Release|Any CPU.Build.0 = Release|Any CPU
		{BE082150-6F58-41C6-96F1-00F4FD827F4A}.Debug|Any CPU.ActiveCfg = Debug|Any CPU
		{BE082150-6F58-41C6-96F1-00F4FD827F4A}.Debug|Any CPU.Build.0 = Debug|Any CPU
		{BE082150-6F58-41C6-96F1-00F4FD827F4A}.Release|Any CPU.ActiveCfg = Release|Any CPU
		{BE082150-6F58-41C6-96F1-00F4FD827F4A}.Release|Any CPU.Build.0 = Release|Any CPU
		{A9946B7C-FB24-4873-9D56-549716BA51FE}.Debug|Any CPU.ActiveCfg = Debug|Any CPU
		{A9946B7C-FB24-4873-9D56-549716BA51FE}.Debug|Any CPU.Build.0 = Debug|Any CPU
		{A9946B7C-FB24-4873-9D56-549716BA51FE}.Release|Any CPU.ActiveCfg = Release|Any CPU
		{A9946B7C-FB24-4873-9D56-549716BA51FE}.Release|Any CPU.Build.0 = Release|Any CPU
		{55DAA02E-406A-41CC-89D7-CC97D71AA9CC}.Debug|Any CPU.ActiveCfg = Debug|Any CPU
		{55DAA02E-406A-41CC-89D7-CC97D71AA9CC}.Debug|Any CPU.Build.0 = Debug|Any CPU
		{55DAA02E-406A-41CC-89D7-CC97D71AA9CC}.Release|Any CPU.ActiveCfg = Release|Any CPU
		{55DAA02E-406A-41CC-89D7-CC97D71AA9CC}.Release|Any CPU.Build.0 = Release|Any CPU
		{361CA3A1-4E20-4C3F-AAE8-F059E533522E}.Debug|Any CPU.ActiveCfg = Debug|Any CPU
		{361CA3A1-4E20-4C3F-AAE8-F059E533522E}.Debug|Any CPU.Build.0 = Debug|Any CPU
		{361CA3A1-4E20-4C3F-AAE8-F059E533522E}.Release|Any CPU.ActiveCfg = Release|Any CPU
		{361CA3A1-4E20-4C3F-AAE8-F059E533522E}.Release|Any CPU.Build.0 = Release|Any CPU
		{292B144F-B56D-4594-9F85-8D8A519E5FD0}.Debug|Any CPU.ActiveCfg = Debug|Any CPU
		{292B144F-B56D-4594-9F85-8D8A519E5FD0}.Debug|Any CPU.Build.0 = Debug|Any CPU
		{292B144F-B56D-4594-9F85-8D8A519E5FD0}.Release|Any CPU.ActiveCfg = Release|Any CPU
		{292B144F-B56D-4594-9F85-8D8A519E5FD0}.Release|Any CPU.Build.0 = Release|Any CPU
		{AF2041C4-9DB5-4C0E-82C6-BC526C20D8E5}.Debug|Any CPU.ActiveCfg = Debug|Any CPU
		{AF2041C4-9DB5-4C0E-82C6-BC526C20D8E5}.Debug|Any CPU.Build.0 = Debug|Any CPU
		{AF2041C4-9DB5-4C0E-82C6-BC526C20D8E5}.Release|Any CPU.ActiveCfg = Release|Any CPU
		{AF2041C4-9DB5-4C0E-82C6-BC526C20D8E5}.Release|Any CPU.Build.0 = Release|Any CPU
	EndGlobalSection
	GlobalSection(SolutionProperties) = preSolution
		HideSolutionNode = FALSE
	EndGlobalSection
	GlobalSection(NestedProjects) = preSolution
		{9631F3FE-6AF2-419B-B3F9-E1E6832BEF98} = {382E6C39-5EF6-453D-88DC-9079E57A240E}
		{39AAD843-BC36-4A8E-92A7-6648C3FA7108} = {382E6C39-5EF6-453D-88DC-9079E57A240E}
		{230835A8-7181-4649-87BD-419492FED283} = {382E6C39-5EF6-453D-88DC-9079E57A240E}
		{541A2BF0-A66C-445C-9DBE-2B2FD2513F18} = {382E6C39-5EF6-453D-88DC-9079E57A240E}
		{3AC1D062-7110-460F-AB04-AE77CD3087CC} = {382E6C39-5EF6-453D-88DC-9079E57A240E}
		{321B804D-FE8E-4900-8A8A-C5B9FF52E6A5} = {382E6C39-5EF6-453D-88DC-9079E57A240E}
		{B4491BED-B1E5-49CB-8138-763F549457D4} = {4875335E-26C1-4D2A-80E9-4362C823DF3B}
		{FB355BA1-6923-4894-9BA2-B471A23EC3F5} = {4875335E-26C1-4D2A-80E9-4362C823DF3B}
		{F81EEC3B-BB3D-456F-942B-6F610F977F53} = {4875335E-26C1-4D2A-80E9-4362C823DF3B}
		{BE082150-6F58-41C6-96F1-00F4FD827F4A} = {4875335E-26C1-4D2A-80E9-4362C823DF3B}
		{A9946B7C-FB24-4873-9D56-549716BA51FE} = {382E6C39-5EF6-453D-88DC-9079E57A240E}
		{55DAA02E-406A-41CC-89D7-CC97D71AA9CC} = {4875335E-26C1-4D2A-80E9-4362C823DF3B}
		{361CA3A1-4E20-4C3F-AAE8-F059E533522E} = {382E6C39-5EF6-453D-88DC-9079E57A240E}
		{292B144F-B56D-4594-9F85-8D8A519E5FD0} = {4875335E-26C1-4D2A-80E9-4362C823DF3B}
		{AF2041C4-9DB5-4C0E-82C6-BC526C20D8E5} = {4875335E-26C1-4D2A-80E9-4362C823DF3B}
	EndGlobalSection
	GlobalSection(ExtensibilityGlobals) = postSolution
		SolutionGuid = {0D9F3EA4-8F77-4A20-9943-50764DB157AF}
	EndGlobalSection
EndGlobal
