
Microsoft Visual Studio Solution File, Format Version 12.00
# Visual Studio Version 17
VisualStudioVersion = 17.2.32427.441
MinimumVisualStudioVersion = 10.0.40219.1
Project("{9A19103F-16F7-4668-BE54-9A1E7A4F7556}") = "CommandQuery.Sample.Contracts", "samples\CommandQuery.Sample.Contracts\CommandQuery.Sample.Contracts.csproj", "{FF932E21-17DE-4BC3-9E25-606502CAE58B}"
EndProject
Project("{9A19103F-16F7-4668-BE54-9A1E7A4F7556}") = "CommandQuery.Sample.AWSLambda", "samples\CommandQuery.Sample.AWSLambda\CommandQuery.Sample.AWSLambda.csproj", "{6AC1C95D-58A9-4D87-B303-EDF47BD35094}"
EndProject
Project("{9A19103F-16F7-4668-BE54-9A1E7A4F7556}") = "CommandQuery.Sample.AWSLambda.Tests", "samples\CommandQuery.Sample.AWSLambda.Tests\CommandQuery.Sample.AWSLambda.Tests.csproj", "{B89EE6EB-2672-4355-BA1F-BB6569890287}"
EndProject
Project("{9A19103F-16F7-4668-BE54-9A1E7A4F7556}") = "CommandQuery.Sample.Client", "samples\CommandQuery.Sample.Client\CommandQuery.Sample.Client.csproj", "{7C6D862F-63DF-4F03-8AC6-D57824C69CF8}"
EndProject
Project("{9A19103F-16F7-4668-BE54-9A1E7A4F7556}") = "CommandQuery.Sample.Handlers", "samples\CommandQuery.Sample.Handlers\CommandQuery.Sample.Handlers.csproj", "{4A4F9ADD-F1CD-4377-8274-511C5221A87F}"
EndProject
Project("{9A19103F-16F7-4668-BE54-9A1E7A4F7556}") = "CommandQuery.Sample.GoogleCloudFunctions", "samples\CommandQuery.Sample.GoogleCloudFunctions\CommandQuery.Sample.GoogleCloudFunctions.csproj", "{1DD7928F-24E7-4D21-BE69-39065CDAA5F7}"
EndProject
Project("{9A19103F-16F7-4668-BE54-9A1E7A4F7556}") = "CommandQuery.Sample.GoogleCloudFunctions.Tests", "samples\CommandQuery.Sample.GoogleCloudFunctions.Tests\CommandQuery.Sample.GoogleCloudFunctions.Tests.csproj", "{20A4BF7B-F8B0-4CD6-BB63-F34338B95CD8}"
EndProject
Project("{9A19103F-16F7-4668-BE54-9A1E7A4F7556}") = "CommandQuery.Sample.AspNetCore", "samples\CommandQuery.Sample.AspNetCore\CommandQuery.Sample.AspNetCore.csproj", "{C2A0A496-2F46-451F-BFA1-ECDDF9EE4414}"
EndProject
Project("{9A19103F-16F7-4668-BE54-9A1E7A4F7556}") = "CommandQuery.Sample.AspNetCore.Tests", "samples\CommandQuery.Sample.AspNetCore.Tests\CommandQuery.Sample.AspNetCore.Tests.csproj", "{9499162C-FA52-4625-9628-B86952ED85C5}"
EndProject
Project("{9A19103F-16F7-4668-BE54-9A1E7A4F7556}") = "CommandQuery.Sample.AzureFunctions", "samples\CommandQuery.Sample.AzureFunctions\CommandQuery.Sample.AzureFunctions.csproj", "{06C6F925-BACD-4F1F-8905-7F787330E980}"
EndProject
Project("{9A19103F-16F7-4668-BE54-9A1E7A4F7556}") = "CommandQuery.Sample.AzureFunctions.Tests", "samples\CommandQuery.Sample.AzureFunctions.Tests\CommandQuery.Sample.AzureFunctions.Tests.csproj", "{2D223ADD-F2C9-4DB7-A68D-B04965AB2060}"
EndProject
Project("{2150E333-8FDC-42A3-9474-1A3956D46DE8}") = "HttpFiles", "HttpFiles", "{6F3519E3-F0E6-4DFA-86DD-86531529C512}"
	ProjectSection(SolutionItems) = preProject
		samples\HttpFiles\GetBarQuery.http = samples\HttpFiles\GetBarQuery.http
		samples\HttpFiles\GetQuuxQuery.http = samples\HttpFiles\GetQuuxQuery.http
		samples\HttpFiles\GetQuxQuery.http = samples\HttpFiles\GetQuxQuery.http
		samples\HttpFiles\http-client.env.json = samples\HttpFiles\http-client.env.json
		samples\HttpFiles\PostBarQuery.http = samples\HttpFiles\PostBarQuery.http
		samples\HttpFiles\PostBazCommand.http = samples\HttpFiles\PostBazCommand.http
		samples\HttpFiles\PostFooCommand.http = samples\HttpFiles\PostFooCommand.http
		samples\HttpFiles\PostQuuxQuery.http = samples\HttpFiles\PostQuuxQuery.http
		samples\HttpFiles\PostQuxQuery.http = samples\HttpFiles\PostQuxQuery.http
	EndProjectSection
EndProject
Global
	GlobalSection(SolutionConfigurationPlatforms) = preSolution
		Debug|Any CPU = Debug|Any CPU
		Release|Any CPU = Release|Any CPU
	EndGlobalSection
	GlobalSection(ProjectConfigurationPlatforms) = postSolution
		{FF932E21-17DE-4BC3-9E25-606502CAE58B}.Debug|Any CPU.ActiveCfg = Debug|Any CPU
		{FF932E21-17DE-4BC3-9E25-606502CAE58B}.Debug|Any CPU.Build.0 = Debug|Any CPU
		{FF932E21-17DE-4BC3-9E25-606502CAE58B}.Release|Any CPU.ActiveCfg = Release|Any CPU
		{FF932E21-17DE-4BC3-9E25-606502CAE58B}.Release|Any CPU.Build.0 = Release|Any CPU
		{6AC1C95D-58A9-4D87-B303-EDF47BD35094}.Debug|Any CPU.ActiveCfg = Debug|Any CPU
		{6AC1C95D-58A9-4D87-B303-EDF47BD35094}.Debug|Any CPU.Build.0 = Debug|Any CPU
		{6AC1C95D-58A9-4D87-B303-EDF47BD35094}.Release|Any CPU.ActiveCfg = Release|Any CPU
		{6AC1C95D-58A9-4D87-B303-EDF47BD35094}.Release|Any CPU.Build.0 = Release|Any CPU
		{B89EE6EB-2672-4355-BA1F-BB6569890287}.Debug|Any CPU.ActiveCfg = Debug|Any CPU
		{B89EE6EB-2672-4355-BA1F-BB6569890287}.Debug|Any CPU.Build.0 = Debug|Any CPU
		{B89EE6EB-2672-4355-BA1F-BB6569890287}.Release|Any CPU.ActiveCfg = Release|Any CPU
		{B89EE6EB-2672-4355-BA1F-BB6569890287}.Release|Any CPU.Build.0 = Release|Any CPU
		{7C6D862F-63DF-4F03-8AC6-D57824C69CF8}.Debug|Any CPU.ActiveCfg = Debug|Any CPU
		{7C6D862F-63DF-4F03-8AC6-D57824C69CF8}.Debug|Any CPU.Build.0 = Debug|Any CPU
		{7C6D862F-63DF-4F03-8AC6-D57824C69CF8}.Release|Any CPU.ActiveCfg = Release|Any CPU
		{7C6D862F-63DF-4F03-8AC6-D57824C69CF8}.Release|Any CPU.Build.0 = Release|Any CPU
		{4A4F9ADD-F1CD-4377-8274-511C5221A87F}.Debug|Any CPU.ActiveCfg = Debug|Any CPU
		{4A4F9ADD-F1CD-4377-8274-511C5221A87F}.Debug|Any CPU.Build.0 = Debug|Any CPU
		{4A4F9ADD-F1CD-4377-8274-511C5221A87F}.Release|Any CPU.ActiveCfg = Release|Any CPU
		{4A4F9ADD-F1CD-4377-8274-511C5221A87F}.Release|Any CPU.Build.0 = Release|Any CPU
		{1DD7928F-24E7-4D21-BE69-39065CDAA5F7}.Debug|Any CPU.ActiveCfg = Debug|Any CPU
		{1DD7928F-24E7-4D21-BE69-39065CDAA5F7}.Debug|Any CPU.Build.0 = Debug|Any CPU
		{1DD7928F-24E7-4D21-BE69-39065CDAA5F7}.Release|Any CPU.ActiveCfg = Release|Any CPU
		{1DD7928F-24E7-4D21-BE69-39065CDAA5F7}.Release|Any CPU.Build.0 = Release|Any CPU
		{20A4BF7B-F8B0-4CD6-BB63-F34338B95CD8}.Debug|Any CPU.ActiveCfg = Debug|Any CPU
		{20A4BF7B-F8B0-4CD6-BB63-F34338B95CD8}.Debug|Any CPU.Build.0 = Debug|Any CPU
		{20A4BF7B-F8B0-4CD6-BB63-F34338B95CD8}.Release|Any CPU.ActiveCfg = Release|Any CPU
		{20A4BF7B-F8B0-4CD6-BB63-F34338B95CD8}.Release|Any CPU.Build.0 = Release|Any CPU
		{C2A0A496-2F46-451F-BFA1-ECDDF9EE4414}.Debug|Any CPU.ActiveCfg = Debug|Any CPU
		{C2A0A496-2F46-451F-BFA1-ECDDF9EE4414}.Debug|Any CPU.Build.0 = Debug|Any CPU
		{C2A0A496-2F46-451F-BFA1-ECDDF9EE4414}.Release|Any CPU.ActiveCfg = Release|Any CPU
		{C2A0A496-2F46-451F-BFA1-ECDDF9EE4414}.Release|Any CPU.Build.0 = Release|Any CPU
		{9499162C-FA52-4625-9628-B86952ED85C5}.Debug|Any CPU.ActiveCfg = Debug|Any CPU
		{9499162C-FA52-4625-9628-B86952ED85C5}.Debug|Any CPU.Build.0 = Debug|Any CPU
		{9499162C-FA52-4625-9628-B86952ED85C5}.Release|Any CPU.ActiveCfg = Release|Any CPU
		{9499162C-FA52-4625-9628-B86952ED85C5}.Release|Any CPU.Build.0 = Release|Any CPU
		{06C6F925-BACD-4F1F-8905-7F787330E980}.Debug|Any CPU.ActiveCfg = Debug|Any CPU
		{06C6F925-BACD-4F1F-8905-7F787330E980}.Debug|Any CPU.Build.0 = Debug|Any CPU
		{06C6F925-BACD-4F1F-8905-7F787330E980}.Release|Any CPU.ActiveCfg = Release|Any CPU
		{06C6F925-BACD-4F1F-8905-7F787330E980}.Release|Any CPU.Build.0 = Release|Any CPU
		{2D223ADD-F2C9-4DB7-A68D-B04965AB2060}.Debug|Any CPU.ActiveCfg = Debug|Any CPU
		{2D223ADD-F2C9-4DB7-A68D-B04965AB2060}.Debug|Any CPU.Build.0 = Debug|Any CPU
		{2D223ADD-F2C9-4DB7-A68D-B04965AB2060}.Release|Any CPU.ActiveCfg = Release|Any CPU
		{2D223ADD-F2C9-4DB7-A68D-B04965AB2060}.Release|Any CPU.Build.0 = Release|Any CPU
	EndGlobalSection
	GlobalSection(SolutionProperties) = preSolution
		HideSolutionNode = FALSE
	EndGlobalSection
	GlobalSection(ExtensibilityGlobals) = postSolution
		SolutionGuid = {FFB4AB08-1F28-416F-BF83-5A8EC1A6A6C6}
	EndGlobalSection
EndGlobal
