
Microsoft Visual Studio Solution File, Format Version 12.00
# Visual Studio 15
VisualStudioVersion = 15.0.27130.2010
MinimumVisualStudioVersion = 10.0.40219.1
Project("{2150E333-8FDC-42A3-9474-1A3956D46DE8}") = "src", "src", "{382E6C39-5EF6-453D-88DC-9079E57A240E}"
EndProject
Project("{2150E333-8FDC-42A3-9474-1A3956D46DE8}") = "test", "test", "{4875335E-26C1-4D2A-80E9-4362C823DF3B}"
EndProject
Project("{2150E333-8FDC-42A3-9474-1A3956D46DE8}") = "sample", "sample", "{2ABED991-418E-4266-B182-B277C311D49E}"
EndProject
Project("{9A19103F-16F7-4668-BE54-9A1E7A4F7556}") = "CommandQuery", "src\CommandQuery\CommandQuery.csproj", "{9631F3FE-6AF2-419B-B3F9-E1E6832BEF98}"
EndProject
Project("{9A19103F-16F7-4668-BE54-9A1E7A4F7556}") = "CommandQuery.Specs", "test\CommandQuery.Specs\CommandQuery.Specs.csproj", "{06863099-DF49-48FD-AB29-AB5089BA0BFD}"
EndProject
Project("{9A19103F-16F7-4668-BE54-9A1E7A4F7556}") = "CommandQuery.Sample.Specs", "sample\CommandQuery.Sample.Specs\CommandQuery.Sample.Specs.csproj", "{2084940E-726C-467E-A791-C0B200B6337B}"
EndProject
Project("{9A19103F-16F7-4668-BE54-9A1E7A4F7556}") = "CommandQuery.AspNetCore", "src\CommandQuery.AspNetCore\CommandQuery.AspNetCore.csproj", "{39AAD843-BC36-4A8E-92A7-6648C3FA7108}"
EndProject
Project("{9A19103F-16F7-4668-BE54-9A1E7A4F7556}") = "CommandQuery.AzureFunctions", "src\CommandQuery.AzureFunctions\CommandQuery.AzureFunctions.csproj", "{230835A8-7181-4649-87BD-419492FED283}"
EndProject
Project("{9A19103F-16F7-4668-BE54-9A1E7A4F7556}") = "CommandQuery.Sample.AspNetCore", "sample\CommandQuery.Sample.AspNetCore\CommandQuery.Sample.AspNetCore.csproj", "{241C4AF4-327D-4CA6-BEA7-438A61D4183B}"
EndProject
Project("{9A19103F-16F7-4668-BE54-9A1E7A4F7556}") = "CommandQuery.Sample", "sample\CommandQuery.Sample\CommandQuery.Sample.csproj", "{52455585-4055-4747-81AF-13667CE64D3C}"
EndProject
Project("{9A19103F-16F7-4668-BE54-9A1E7A4F7556}") = "CommandQuery.Sample.AzureFunctions.Vs1", "sample\CommandQuery.Sample.AzureFunctions.Vs1\CommandQuery.Sample.AzureFunctions.Vs1.csproj", "{C515C1A3-7B21-4C7F-AD04-439B2055B39C}"
EndProject
Project("{9A19103F-16F7-4668-BE54-9A1E7A4F7556}") = "CommandQuery.Sample.AzureFunctions.Vs2", "sample\CommandQuery.Sample.AzureFunctions.Vs2\CommandQuery.Sample.AzureFunctions.Vs2.csproj", "{EF8D3628-C7DF-48D0-B9F8-8D793EA73D95}"
EndProject
Project("{9A19103F-16F7-4668-BE54-9A1E7A4F7556}") = "CommandQuery.AspNet.WebApi", "src\CommandQuery.AspNet.WebApi\CommandQuery.AspNet.WebApi.csproj", "{7C7BD162-09DB-40E9-A46E-412B79FA79AE}"
EndProject
Project("{FAE04EC0-301F-11D3-BF4B-00C04F79EFBC}") = "CommandQuery.Sample.AspNet.WebApi", "sample\CommandQuery.Sample.AspNet.WebApi\CommandQuery.Sample.AspNet.WebApi.csproj", "{A567CCA0-6775-43B7-8BEA-241D09AD7D67}"
EndProject
Global
	GlobalSection(SolutionConfigurationPlatforms) = preSolution
		Debug|Any CPU = Debug|Any CPU
		Release|Any CPU = Release|Any CPU
	EndGlobalSection
	GlobalSection(ProjectConfigurationPlatforms) = postSolution
		{9631F3FE-6AF2-419B-B3F9-E1E6832BEF98}.Debug|Any CPU.ActiveCfg = Debug|Any CPU
		{9631F3FE-6AF2-419B-B3F9-E1E6832BEF98}.Debug|Any CPU.Build.0 = Debug|Any CPU
		{9631F3FE-6AF2-419B-B3F9-E1E6832BEF98}.Release|Any CPU.ActiveCfg = Release|Any CPU
		{9631F3FE-6AF2-419B-B3F9-E1E6832BEF98}.Release|Any CPU.Build.0 = Release|Any CPU
		{06863099-DF49-48FD-AB29-AB5089BA0BFD}.Debug|Any CPU.ActiveCfg = Debug|Any CPU
		{06863099-DF49-48FD-AB29-AB5089BA0BFD}.Debug|Any CPU.Build.0 = Debug|Any CPU
		{06863099-DF49-48FD-AB29-AB5089BA0BFD}.Release|Any CPU.ActiveCfg = Release|Any CPU
		{06863099-DF49-48FD-AB29-AB5089BA0BFD}.Release|Any CPU.Build.0 = Release|Any CPU
		{2084940E-726C-467E-A791-C0B200B6337B}.Debug|Any CPU.ActiveCfg = Debug|Any CPU
		{2084940E-726C-467E-A791-C0B200B6337B}.Debug|Any CPU.Build.0 = Debug|Any CPU
		{2084940E-726C-467E-A791-C0B200B6337B}.Release|Any CPU.ActiveCfg = Release|Any CPU
		{2084940E-726C-467E-A791-C0B200B6337B}.Release|Any CPU.Build.0 = Release|Any CPU
		{39AAD843-BC36-4A8E-92A7-6648C3FA7108}.Debug|Any CPU.ActiveCfg = Debug|Any CPU
		{39AAD843-BC36-4A8E-92A7-6648C3FA7108}.Debug|Any CPU.Build.0 = Debug|Any CPU
		{39AAD843-BC36-4A8E-92A7-6648C3FA7108}.Release|Any CPU.ActiveCfg = Release|Any CPU
		{39AAD843-BC36-4A8E-92A7-6648C3FA7108}.Release|Any CPU.Build.0 = Release|Any CPU
		{230835A8-7181-4649-87BD-419492FED283}.Debug|Any CPU.ActiveCfg = Debug|Any CPU
		{230835A8-7181-4649-87BD-419492FED283}.Debug|Any CPU.Build.0 = Debug|Any CPU
		{230835A8-7181-4649-87BD-419492FED283}.Release|Any CPU.ActiveCfg = Release|Any CPU
		{230835A8-7181-4649-87BD-419492FED283}.Release|Any CPU.Build.0 = Release|Any CPU
		{241C4AF4-327D-4CA6-BEA7-438A61D4183B}.Debug|Any CPU.ActiveCfg = Debug|Any CPU
		{241C4AF4-327D-4CA6-BEA7-438A61D4183B}.Debug|Any CPU.Build.0 = Debug|Any CPU
		{241C4AF4-327D-4CA6-BEA7-438A61D4183B}.Release|Any CPU.ActiveCfg = Release|Any CPU
		{241C4AF4-327D-4CA6-BEA7-438A61D4183B}.Release|Any CPU.Build.0 = Release|Any CPU
		{52455585-4055-4747-81AF-13667CE64D3C}.Debug|Any CPU.ActiveCfg = Debug|Any CPU
		{52455585-4055-4747-81AF-13667CE64D3C}.Debug|Any CPU.Build.0 = Debug|Any CPU
		{52455585-4055-4747-81AF-13667CE64D3C}.Release|Any CPU.ActiveCfg = Release|Any CPU
		{52455585-4055-4747-81AF-13667CE64D3C}.Release|Any CPU.Build.0 = Release|Any CPU
		{C515C1A3-7B21-4C7F-AD04-439B2055B39C}.Debug|Any CPU.ActiveCfg = Debug|Any CPU
		{C515C1A3-7B21-4C7F-AD04-439B2055B39C}.Debug|Any CPU.Build.0 = Debug|Any CPU
		{C515C1A3-7B21-4C7F-AD04-439B2055B39C}.Release|Any CPU.ActiveCfg = Release|Any CPU
		{C515C1A3-7B21-4C7F-AD04-439B2055B39C}.Release|Any CPU.Build.0 = Release|Any CPU
		{EF8D3628-C7DF-48D0-B9F8-8D793EA73D95}.Debug|Any CPU.ActiveCfg = Debug|Any CPU
		{EF8D3628-C7DF-48D0-B9F8-8D793EA73D95}.Debug|Any CPU.Build.0 = Debug|Any CPU
		{EF8D3628-C7DF-48D0-B9F8-8D793EA73D95}.Release|Any CPU.ActiveCfg = Release|Any CPU
		{EF8D3628-C7DF-48D0-B9F8-8D793EA73D95}.Release|Any CPU.Build.0 = Release|Any CPU
		{7C7BD162-09DB-40E9-A46E-412B79FA79AE}.Debug|Any CPU.ActiveCfg = Debug|Any CPU
		{7C7BD162-09DB-40E9-A46E-412B79FA79AE}.Debug|Any CPU.Build.0 = Debug|Any CPU
		{7C7BD162-09DB-40E9-A46E-412B79FA79AE}.Release|Any CPU.ActiveCfg = Release|Any CPU
		{7C7BD162-09DB-40E9-A46E-412B79FA79AE}.Release|Any CPU.Build.0 = Release|Any CPU
		{A567CCA0-6775-43B7-8BEA-241D09AD7D67}.Debug|Any CPU.ActiveCfg = Debug|Any CPU
		{A567CCA0-6775-43B7-8BEA-241D09AD7D67}.Debug|Any CPU.Build.0 = Debug|Any CPU
		{A567CCA0-6775-43B7-8BEA-241D09AD7D67}.Release|Any CPU.ActiveCfg = Release|Any CPU
		{A567CCA0-6775-43B7-8BEA-241D09AD7D67}.Release|Any CPU.Build.0 = Release|Any CPU
	EndGlobalSection
	GlobalSection(SolutionProperties) = preSolution
		HideSolutionNode = FALSE
	EndGlobalSection
	GlobalSection(NestedProjects) = preSolution
		{9631F3FE-6AF2-419B-B3F9-E1E6832BEF98} = {382E6C39-5EF6-453D-88DC-9079E57A240E}
		{06863099-DF49-48FD-AB29-AB5089BA0BFD} = {4875335E-26C1-4D2A-80E9-4362C823DF3B}
		{2084940E-726C-467E-A791-C0B200B6337B} = {2ABED991-418E-4266-B182-B277C311D49E}
		{39AAD843-BC36-4A8E-92A7-6648C3FA7108} = {382E6C39-5EF6-453D-88DC-9079E57A240E}
		{230835A8-7181-4649-87BD-419492FED283} = {382E6C39-5EF6-453D-88DC-9079E57A240E}
		{241C4AF4-327D-4CA6-BEA7-438A61D4183B} = {2ABED991-418E-4266-B182-B277C311D49E}
		{52455585-4055-4747-81AF-13667CE64D3C} = {2ABED991-418E-4266-B182-B277C311D49E}
		{C515C1A3-7B21-4C7F-AD04-439B2055B39C} = {2ABED991-418E-4266-B182-B277C311D49E}
		{EF8D3628-C7DF-48D0-B9F8-8D793EA73D95} = {2ABED991-418E-4266-B182-B277C311D49E}
		{7C7BD162-09DB-40E9-A46E-412B79FA79AE} = {382E6C39-5EF6-453D-88DC-9079E57A240E}
		{A567CCA0-6775-43B7-8BEA-241D09AD7D67} = {2ABED991-418E-4266-B182-B277C311D49E}
	EndGlobalSection
	GlobalSection(ExtensibilityGlobals) = postSolution
		SolutionGuid = {0D9F3EA4-8F77-4A20-9943-50764DB157AF}
	EndGlobalSection
EndGlobal
